
Microsoft Visual Studio Solution File, Format Version 12.00
# Visual Studio Version 16
VisualStudioVersion = 16.0.30114.105
MinimumVisualStudioVersion = 10.0.40219.1
Project("{FAE04EC0-301F-11D3-BF4B-00C04F79EFBC}") = "MoneyExtension", "MoneyExtension\MoneyExtension.csproj", "{5047553D-D2AE-431E-9763-1672F951FE66}"
EndProject
Project("{FAE04EC0-301F-11D3-BF4B-00C04F79EFBC}") = "MoneyExtension.Tests", "MoneyExtension.Tests\MoneyExtension.Tests.csproj", "{4DBBBC8F-CC1F-4716-B6EE-D694FD5421A5}"
EndProject
Global
	GlobalSection(SolutionConfigurationPlatforms) = preSolution
		Debug|Any CPU = Debug|Any CPU
		Release|Any CPU = Release|Any CPU
	EndGlobalSection
	GlobalSection(SolutionProperties) = preSolution
		HideSolutionNode = FALSE
	EndGlobalSection
	GlobalSection(ProjectConfigurationPlatforms) = postSolution
		{5047553D-D2AE-431E-9763-1672F951FE66}.Debug|Any CPU.ActiveCfg = Debug|Any CPU
		{5047553D-D2AE-431E-9763-1672F951FE66}.Debug|Any CPU.Build.0 = Debug|Any CPU
		{5047553D-D2AE-431E-9763-1672F951FE66}.Release|Any CPU.ActiveCfg = Release|Any CPU
		{5047553D-D2AE-431E-9763-1672F951FE66}.Release|Any CPU.Build.0 = Release|Any CPU
		{4DBBBC8F-CC1F-4716-B6EE-D694FD5421A5}.Debug|Any CPU.ActiveCfg = Debug|Any CPU
		{4DBBBC8F-CC1F-4716-B6EE-D694FD5421A5}.Debug|Any CPU.Build.0 = Debug|Any CPU
		{4DBBBC8F-CC1F-4716-B6EE-D694FD5421A5}.Release|Any CPU.ActiveCfg = Release|Any CPU
		{4DBBBC8F-CC1F-4716-B6EE-D694FD5421A5}.Release|Any CPU.Build.0 = Release|Any CPU
	EndGlobalSection
EndGlobal
